
Microsoft Visual Studio Solution File, Format Version 12.00
# Visual Studio Version 16
VisualStudioVersion = 16.0.32407.337
MinimumVisualStudioVersion = 10.0.40219.1
Project("{FAE04EC0-301F-11D3-BF4B-00C04F79EFBC}") = "PracticeTeachingManagementSystem_Student", "PracticeTeachingManagementSystem_Student\PracticeTeachingManagementSystem_Student.csproj", "{B1E00BF1-A3F2-4194-8A90-2403EF5FDEA4}"
EndProject
Project("{FAE04EC0-301F-11D3-BF4B-00C04F79EFBC}") = "ScreenCapture", "ScreenCapture&Control Class\ScreenCapture.csproj", "{AEB0BED2-C92B-470A-AC31-E79604B56245}"
EndProject
Global
	GlobalSection(SolutionConfigurationPlatforms) = preSolution
		Debug|Any CPU = Debug|Any CPU
		Release|Any CPU = Release|Any CPU
	EndGlobalSection
	GlobalSection(ProjectConfigurationPlatforms) = postSolution
		{B1E00BF1-A3F2-4194-8A90-2403EF5FDEA4}.Debug|Any CPU.ActiveCfg = Debug|Any CPU
		{B1E00BF1-A3F2-4194-8A90-2403EF5FDEA4}.Debug|Any CPU.Build.0 = Debug|Any CPU
		{B1E00BF1-A3F2-4194-8A90-2403EF5FDEA4}.Release|Any CPU.ActiveCfg = Release|Any CPU
		{B1E00BF1-A3F2-4194-8A90-2403EF5FDEA4}.Release|Any CPU.Build.0 = Release|Any CPU
		{AEB0BED2-C92B-470A-AC31-E79604B56245}.Debug|Any CPU.ActiveCfg = Debug|Any CPU
		{AEB0BED2-C92B-470A-AC31-E79604B56245}.Debug|Any CPU.Build.0 = Debug|Any CPU
		{AEB0BED2-C92B-470A-AC31-E79604B56245}.Release|Any CPU.ActiveCfg = Release|Any CPU
		{AEB0BED2-C92B-470A-AC31-E79604B56245}.Release|Any CPU.Build.0 = Release|Any CPU
	EndGlobalSection
	GlobalSection(SolutionProperties) = preSolution
		HideSolutionNode = FALSE
	EndGlobalSection
	GlobalSection(ExtensibilityGlobals) = postSolution
		SolutionGuid = {BF6FC607-CFE9-4FAB-B0A5-123D6FE5AFD8}
	EndGlobalSection
EndGlobal
