Microsoft Visual Studio Solution File, Format Version 8.00
Project("{FAE04EC0-301F-11D3-BF4B-00C04F79EFBC}") = "ScreenCapture", "ScreenCapture.csproj", "{AEB0BED2-C92B-470A-AC31-E79604B56245}"
	ProjectSection(ProjectDependencies) = postProject
	EndProjectSection
EndProject
Global
	GlobalSection(SolutionConfiguration) = preSolution
		Debug = Debug
		Release = Release
	EndGlobalSection
	GlobalSection(ProjectConfiguration) = postSolution
		{AEB0BED2-C92B-470A-AC31-E79604B56245}.Debug.ActiveCfg = Debug|.NET
		{AEB0BED2-C92B-470A-AC31-E79604B56245}.Debug.Build.0 = Debug|.NET
		{AEB0BED2-C92B-470A-AC31-E79604B56245}.Release.ActiveCfg = Release|.NET
		{AEB0BED2-C92B-470A-AC31-E79604B56245}.Release.Build.0 = Release|.NET
	EndGlobalSection
	GlobalSection(ExtensibilityGlobals) = postSolution
	EndGlobalSection
	GlobalSection(ExtensibilityAddIns) = postSolution
	EndGlobalSection
EndGlobal
